// !$*UTF8*$!
{
	archiveVersion = 1;
	classes = {
	};
	objectVersion = 46;
	objects = {

/* Begin PBXBuildFile section */
		35002D611E5F6ADB0090E733 /* Assets.xcassets in Resources */ = {isa = PBXBuildFile; fileRef = 35002D5F1E5F6ADB0090E733 /* Assets.xcassets */; };
		35002D621E5F6ADB0090E733 /* Base.lproj in Resources */ = {isa = PBXBuildFile; fileRef = 35002D601E5F6ADB0090E733 /* Base.lproj */; };
		35002D691E5F6B2F0090E733 /* Main.storyboard in Resources */ = {isa = PBXBuildFile; fileRef = 35002D661E5F6B1B0090E733 /* Main.storyboard */; };
		358D14661E5E3B7700ADE590 /* AppDelegate.swift in Sources */ = {isa = PBXBuildFile; fileRef = 358D14651E5E3B7700ADE590 /* AppDelegate.swift */; };
		358D14681E5E3B7700ADE590 /* ViewController.swift in Sources */ = {isa = PBXBuildFile; fileRef = 358D14671E5E3B7700ADE590 /* ViewController.swift */; };
		644DA7611EAEC84100F5719E /* MapboxCoreNavigation.framework in Frameworks */ = {isa = PBXBuildFile; fileRef = 644DA75F1EAEC84100F5719E /* MapboxCoreNavigation.framework */; };
		644DA7621EAEC84100F5719E /* MapboxNavigation.framework in Frameworks */ = {isa = PBXBuildFile; fileRef = 644DA7601EAEC84100F5719E /* MapboxNavigation.framework */; };
		644DA76A1EAED8B900F5719E /* Mapbox.framework in Frameworks */ = {isa = PBXBuildFile; fileRef = 644DA7641EAED8B900F5719E /* Mapbox.framework */; };
		644DA76B1EAED8B900F5719E /* MapboxDirections.framework in Frameworks */ = {isa = PBXBuildFile; fileRef = 644DA7651EAED8B900F5719E /* MapboxDirections.framework */; };
		644DA76C1EAED8B900F5719E /* OSRMTextInstructions.framework in Frameworks */ = {isa = PBXBuildFile; fileRef = 644DA7661EAED8B900F5719E /* OSRMTextInstructions.framework */; };
		644DA76D1EAED8B900F5719E /* Polyline.framework in Frameworks */ = {isa = PBXBuildFile; fileRef = 644DA7671EAED8B900F5719E /* Polyline.framework */; };
		644DA76E1EAED8B900F5719E /* Pulley.framework in Frameworks */ = {isa = PBXBuildFile; fileRef = 644DA7681EAED8B900F5719E /* Pulley.framework */; };
		644DA76F1EAED8BA00F5719E /* SDWebImage.framework in Frameworks */ = {isa = PBXBuildFile; fileRef = 644DA7691EAED8B900F5719E /* SDWebImage.framework */; };
/* End PBXBuildFile section */

/* Begin PBXCopyFilesBuildPhase section */
		354A01C41E66265100D765C2 /* Embed Frameworks */ = {
			isa = PBXCopyFilesBuildPhase;
			buildActionMask = 2147483647;
			dstPath = "";
			dstSubfolderSpec = 10;
			files = (
			);
			name = "Embed Frameworks";
			runOnlyForDeploymentPostprocessing = 0;
		};
/* End PBXCopyFilesBuildPhase section */

/* Begin PBXFileReference section */
		35002D5D1E5F6ABB0090E733 /* Info.plist */ = {isa = PBXFileReference; fileEncoding = 4; lastKnownFileType = text.plist.xml; path = Info.plist; sourceTree = "<group>"; };
		35002D5F1E5F6ADB0090E733 /* Assets.xcassets */ = {isa = PBXFileReference; lastKnownFileType = folder.assetcatalog; path = Assets.xcassets; sourceTree = "<group>"; };
		35002D601E5F6ADB0090E733 /* Base.lproj */ = {isa = PBXFileReference; lastKnownFileType = folder; path = Base.lproj; sourceTree = "<group>"; };
		35002D671E5F6B1B0090E733 /* Base */ = {isa = PBXFileReference; lastKnownFileType = file.storyboard; name = Base; path = Base.lproj/Main.storyboard; sourceTree = "<group>"; };
		358D14631E5E3B7700ADE590 /* Example-Swift.app */ = {isa = PBXFileReference; explicitFileType = wrapper.application; includeInIndex = 0; path = "Example-Swift.app"; sourceTree = BUILT_PRODUCTS_DIR; };
		358D14651E5E3B7700ADE590 /* AppDelegate.swift */ = {isa = PBXFileReference; lastKnownFileType = sourcecode.swift; path = AppDelegate.swift; sourceTree = "<group>"; };
		358D14671E5E3B7700ADE590 /* ViewController.swift */ = {isa = PBXFileReference; lastKnownFileType = sourcecode.swift; lineEnding = 0; path = ViewController.swift; sourceTree = "<group>"; xcLanguageSpecificationIdentifier = xcode.lang.swift; };
		644DA75F1EAEC84100F5719E /* MapboxCoreNavigation.framework */ = {isa = PBXFileReference; lastKnownFileType = wrapper.framework; name = MapboxCoreNavigation.framework; path = Carthage/Build/iOS/MapboxCoreNavigation.framework; sourceTree = "<group>"; };
		644DA7601EAEC84100F5719E /* MapboxNavigation.framework */ = {isa = PBXFileReference; lastKnownFileType = wrapper.framework; name = MapboxNavigation.framework; path = Carthage/Build/iOS/MapboxNavigation.framework; sourceTree = "<group>"; };
		644DA7641EAED8B900F5719E /* Mapbox.framework */ = {isa = PBXFileReference; lastKnownFileType = wrapper.framework; name = Mapbox.framework; path = Carthage/Build/iOS/Mapbox.framework; sourceTree = "<group>"; };
		644DA7651EAED8B900F5719E /* MapboxDirections.framework */ = {isa = PBXFileReference; lastKnownFileType = wrapper.framework; name = MapboxDirections.framework; path = Carthage/Build/iOS/MapboxDirections.framework; sourceTree = "<group>"; };
		644DA7661EAED8B900F5719E /* OSRMTextInstructions.framework */ = {isa = PBXFileReference; lastKnownFileType = wrapper.framework; name = OSRMTextInstructions.framework; path = Carthage/Build/iOS/OSRMTextInstructions.framework; sourceTree = "<group>"; };
		644DA7671EAED8B900F5719E /* Polyline.framework */ = {isa = PBXFileReference; lastKnownFileType = wrapper.framework; name = Polyline.framework; path = Carthage/Build/iOS/Polyline.framework; sourceTree = "<group>"; };
		644DA7681EAED8B900F5719E /* Pulley.framework */ = {isa = PBXFileReference; lastKnownFileType = wrapper.framework; name = Pulley.framework; path = Carthage/Build/iOS/Pulley.framework; sourceTree = "<group>"; };
		644DA7691EAED8B900F5719E /* SDWebImage.framework */ = {isa = PBXFileReference; lastKnownFileType = wrapper.framework; name = SDWebImage.framework; path = Carthage/Build/iOS/SDWebImage.framework; sourceTree = "<group>"; };
/* End PBXFileReference section */

/* Begin PBXFrameworksBuildPhase section */
		358D14601E5E3B7700ADE590 /* Frameworks */ = {
			isa = PBXFrameworksBuildPhase;
			buildActionMask = 2147483647;
			files = (
				644DA7611EAEC84100F5719E /* MapboxCoreNavigation.framework in Frameworks */,
				644DA7621EAEC84100F5719E /* MapboxNavigation.framework in Frameworks */,
				644DA76A1EAED8B900F5719E /* Mapbox.framework in Frameworks */,
				644DA76B1EAED8B900F5719E /* MapboxDirections.framework in Frameworks */,
				644DA76C1EAED8B900F5719E /* OSRMTextInstructions.framework in Frameworks */,
				644DA76D1EAED8B900F5719E /* Polyline.framework in Frameworks */,
				644DA76E1EAED8B900F5719E /* Pulley.framework in Frameworks */,
				644DA76F1EAED8BA00F5719E /* SDWebImage.framework in Frameworks */,
			);
			runOnlyForDeploymentPostprocessing = 0;
		};
/* End PBXFrameworksBuildPhase section */

/* Begin PBXGroup section */
		35002D721E5F6C830090E733 /* Supporting files */ = {
			isa = PBXGroup;
			children = (
				35002D661E5F6B1B0090E733 /* Main.storyboard */,
				35002D5F1E5F6ADB0090E733 /* Assets.xcassets */,
				35002D601E5F6ADB0090E733 /* Base.lproj */,
				35002D5D1E5F6ABB0090E733 /* Info.plist */,
			);
			name = "Supporting files";
			sourceTree = "<group>";
		};
		358D14641E5E3B7700ADE590 /* Swift */ = {
			isa = PBXGroup;
			children = (
				35002D721E5F6C830090E733 /* Supporting files */,
				358D14651E5E3B7700ADE590 /* AppDelegate.swift */,
				358D14671E5E3B7700ADE590 /* ViewController.swift */,
			);
			name = Swift;
			path = Examples/Swift;
			sourceTree = "<group>";
		};
		35B711DB1E5E7B70001EDA8D /* Examples */ = {
			isa = PBXGroup;
			children = (
				358D14641E5E3B7700ADE590 /* Swift */,
			);
			name = Examples;
			sourceTree = "<group>";
		};
		A9E2B43473B53369153F54C6 /* Frameworks */ = {
			isa = PBXGroup;
			children = (
				644DA7641EAED8B900F5719E /* Mapbox.framework */,
				644DA7651EAED8B900F5719E /* MapboxDirections.framework */,
				644DA7661EAED8B900F5719E /* OSRMTextInstructions.framework */,
				644DA7671EAED8B900F5719E /* Polyline.framework */,
				644DA7681EAED8B900F5719E /* Pulley.framework */,
				644DA7691EAED8B900F5719E /* SDWebImage.framework */,
				644DA75F1EAEC84100F5719E /* MapboxCoreNavigation.framework */,
				644DA7601EAEC84100F5719E /* MapboxNavigation.framework */,
			);
			name = Frameworks;
			sourceTree = "<group>";
		};
		C5ADFBBF1DDCC7840011824B = {
			isa = PBXGroup;
			children = (
				35B711DB1E5E7B70001EDA8D /* Examples */,
				C5ADFBCA1DDCC7840011824B /* Products */,
				A9E2B43473B53369153F54C6 /* Frameworks */,
			);
			sourceTree = "<group>";
		};
		C5ADFBCA1DDCC7840011824B /* Products */ = {
			isa = PBXGroup;
			children = (
				358D14631E5E3B7700ADE590 /* Example-Swift.app */,
			);
			name = Products;
			sourceTree = "<group>";
		};
/* End PBXGroup section */

/* Begin PBXNativeTarget section */
		358D14621E5E3B7700ADE590 /* Example-Swift */ = {
			isa = PBXNativeTarget;
			buildConfigurationList = 358D14741E5E3B7700ADE590 /* Build configuration list for PBXNativeTarget "Example-Swift" */;
			buildPhases = (
				358D145F1E5E3B7700ADE590 /* Sources */,
				358D14601E5E3B7700ADE590 /* Frameworks */,
				358D14611E5E3B7700ADE590 /* Resources */,
				354A01C41E66265100D765C2 /* Embed Frameworks */,
				644DA7631EAEC8D300F5719E /* ShellScript */,
			);
			buildRules = (
			);
			dependencies = (
			);
			name = "Example-Swift";
			productName = "Example-Swift";
			productReference = 358D14631E5E3B7700ADE590 /* Example-Swift.app */;
			productType = "com.apple.product-type.application";
		};
/* End PBXNativeTarget section */

/* Begin PBXProject section */
		C5ADFBC01DDCC7840011824B /* Project object */ = {
			isa = PBXProject;
			attributes = {
				LastSwiftUpdateCheck = 0820;
				LastUpgradeCheck = 0820;
				ORGANIZATIONNAME = Mapbox;
				TargetAttributes = {
					358D14621E5E3B7700ADE590 = {
						CreatedOnToolsVersion = 8.2.1;
						DevelopmentTeam = GJZR2MEM28;
						ProvisioningStyle = Automatic;
					};
				};
			};
			buildConfigurationList = C5ADFBC31DDCC7840011824B /* Build configuration list for PBXProject "MapboxNavigation" */;
			compatibilityVersion = "Xcode 3.2";
			developmentRegion = English;
			hasScannedForEncodings = 0;
			knownRegions = (
				en,
				Base,
				"zh-Hans",
			);
			mainGroup = C5ADFBBF1DDCC7840011824B;
			productRefGroup = C5ADFBCA1DDCC7840011824B /* Products */;
			projectDirPath = "";
			projectRoot = "";
			targets = (
				358D14621E5E3B7700ADE590 /* Example-Swift */,
			);
		};
/* End PBXProject section */

/* Begin PBXResourcesBuildPhase section */
		358D14611E5E3B7700ADE590 /* Resources */ = {
			isa = PBXResourcesBuildPhase;
			buildActionMask = 2147483647;
			files = (
				35002D691E5F6B2F0090E733 /* Main.storyboard in Resources */,
				35002D611E5F6ADB0090E733 /* Assets.xcassets in Resources */,
				35002D621E5F6ADB0090E733 /* Base.lproj in Resources */,
			);
			runOnlyForDeploymentPostprocessing = 0;
		};
/* End PBXResourcesBuildPhase section */

/* Begin PBXShellScriptBuildPhase section */
		644DA7631EAEC8D300F5719E /* ShellScript */ = {
			isa = PBXShellScriptBuildPhase;
			buildActionMask = 2147483647;
			files = (
			);
			inputPaths = (
				"$(SRCROOT)/Carthage/Build/iOS/MapboxCoreNavigation.framework",
				"$(SRCROOT)/Carthage/Build/iOS/MapboxNavigation.framework",
				"$(SRCROOT)/Carthage/Build/iOS/Mapbox.framework",
				"$(SRCROOT)/Carthage/Build/iOS/MapboxDirections.framework",
				"$(SRCROOT)/Carthage/Build/iOS/OSRMTextInstructions.framework",
				"$(SRCROOT)/Carthage/Build/iOS/Polyline.framework",
				"$(SRCROOT)/Carthage/Build/iOS/Pulley.framework",
				"$(SRCROOT)/Carthage/Build/iOS/SDWebImage.framework",
				"$(SRCROOT)/Carthage/Build/iOS/AWSCore.framework",
				"$(SRCROOT)/Carthage/Build/iOS/AWSPolly.framework",
			);
			outputPaths = (
			);
			runOnlyForDeploymentPostprocessing = 0;
			shellPath = /bin/sh;
			shellScript = "/usr/local/bin/carthage copy-frameworks";
		};
/* End PBXShellScriptBuildPhase section */

/* Begin PBXSourcesBuildPhase section */
		358D145F1E5E3B7700ADE590 /* Sources */ = {
			isa = PBXSourcesBuildPhase;
			buildActionMask = 2147483647;
			files = (
				358D14681E5E3B7700ADE590 /* ViewController.swift in Sources */,
				358D14661E5E3B7700ADE590 /* AppDelegate.swift in Sources */,
			);
			runOnlyForDeploymentPostprocessing = 0;
		};
/* End PBXSourcesBuildPhase section */

/* Begin PBXVariantGroup section */
		35002D661E5F6B1B0090E733 /* Main.storyboard */ = {
			isa = PBXVariantGroup;
			children = (
				35002D671E5F6B1B0090E733 /* Base */,
			);
			name = Main.storyboard;
			sourceTree = "<group>";
		};
/* End PBXVariantGroup section */

/* Begin XCBuildConfiguration section */
		358D14721E5E3B7700ADE590 /* Debug */ = {
			isa = XCBuildConfiguration;
			buildSettings = {
				ASSETCATALOG_COMPILER_APPICON_NAME = AppIcon;
				CODE_SIGN_IDENTITY = "iPhone Developer";
				DEBUG_INFORMATION_FORMAT = dwarf;
				DEVELOPMENT_TEAM = GJZR2MEM28;
				FRAMEWORK_SEARCH_PATHS = (
					"$(inherited)",
					"$(PROJECT_DIR)/Carthage/Build/iOS",
				);
				INFOPLIST_FILE = "$(SRCROOT)/Examples/Swift/Info.plist";
				IPHONEOS_DEPLOYMENT_TARGET = 9.0;
				LD_RUNPATH_SEARCH_PATHS = "$(inherited) @executable_path/Frameworks";
				PRODUCT_BUNDLE_IDENTIFIER = "com.mapbox.Example-Swift";
				PRODUCT_NAME = "$(TARGET_NAME)";
				SWIFT_VERSION = 3.0;
			};
			name = Debug;
		};
		358D14731E5E3B7700ADE590 /* Release */ = {
			isa = XCBuildConfiguration;
			buildSettings = {
				ASSETCATALOG_COMPILER_APPICON_NAME = AppIcon;
				DEVELOPMENT_TEAM = GJZR2MEM28;
				FRAMEWORK_SEARCH_PATHS = (
					"$(inherited)",
					"$(PROJECT_DIR)/Carthage/Build/iOS",
				);
				INFOPLIST_FILE = "$(SRCROOT)/Examples/Swift/Info.plist";
				IPHONEOS_DEPLOYMENT_TARGET = 9.0;
				LD_RUNPATH_SEARCH_PATHS = "$(inherited) @executable_path/Frameworks";
				PRODUCT_BUNDLE_IDENTIFIER = "com.mapbox.Example-Swift";
				PRODUCT_NAME = "$(TARGET_NAME)";
				SWIFT_VERSION = 3.0;
			};
			name = Release;
		};
		C5ADFBDB1DDCC7840011824B /* Debug */ = {
			isa = XCBuildConfiguration;
			buildSettings = {
				ALWAYS_SEARCH_USER_PATHS = NO;
				CLANG_ANALYZER_LOCALIZABILITY_NONLOCALIZED = YES;
				CLANG_ANALYZER_NONNULL = YES;
				CLANG_CXX_LANGUAGE_STANDARD = "gnu++0x";
				CLANG_CXX_LIBRARY = "libc++";
				CLANG_ENABLE_MODULES = YES;
				CLANG_ENABLE_OBJC_ARC = YES;
				CLANG_WARN_BOOL_CONVERSION = YES;
				CLANG_WARN_CONSTANT_CONVERSION = YES;
				CLANG_WARN_DIRECT_OBJC_ISA_USAGE = YES_ERROR;
				CLANG_WARN_DOCUMENTATION_COMMENTS = YES;
				CLANG_WARN_EMPTY_BODY = YES;
				CLANG_WARN_ENUM_CONVERSION = YES;
				CLANG_WARN_INFINITE_RECURSION = YES;
				CLANG_WARN_INT_CONVERSION = YES;
				CLANG_WARN_OBJC_ROOT_CLASS = YES_ERROR;
				CLANG_WARN_SUSPICIOUS_MOVE = YES;
				CLANG_WARN_SUSPICIOUS_MOVES = YES;
				CLANG_WARN_UNREACHABLE_CODE = YES;
				CLANG_WARN__DUPLICATE_METHOD_MATCH = YES;
				"CODE_SIGN_IDENTITY[sdk=iphoneos*]" = "iPhone Developer";
				COPY_PHASE_STRIP = NO;
				CURRENT_PROJECT_VERSION = 1;
				DEBUG_INFORMATION_FORMAT = "dwarf-with-dsym";
				ENABLE_STRICT_OBJC_MSGSEND = YES;
				ENABLE_TESTABILITY = YES;
				GCC_C_LANGUAGE_STANDARD = gnu99;
				GCC_DYNAMIC_NO_PIC = NO;
				GCC_NO_COMMON_BLOCKS = YES;
				GCC_OPTIMIZATION_LEVEL = 0;
				GCC_PREPROCESSOR_DEFINITIONS = (
					"DEBUG=1",
					"$(inherited)",
				);
				GCC_WARN_64_TO_32_BIT_CONVERSION = YES;
				GCC_WARN_ABOUT_RETURN_TYPE = YES_ERROR;
				GCC_WARN_UNDECLARED_SELECTOR = YES;
				GCC_WARN_UNINITIALIZED_AUTOS = YES_AGGRESSIVE;
				GCC_WARN_UNUSED_FUNCTION = YES;
				GCC_WARN_UNUSED_VARIABLE = YES;
				IPHONEOS_DEPLOYMENT_TARGET = 10.1;
				MTL_ENABLE_DEBUG_INFO = YES;
				ONLY_ACTIVE_ARCH = YES;
				SDKROOT = iphoneos;
				SWIFT_ACTIVE_COMPILATION_CONDITIONS = DEBUG;
				SWIFT_OPTIMIZATION_LEVEL = "-Onone";
				SWIFT_VERSION = 3.0;
				TARGETED_DEVICE_FAMILY = "1,2";
				VERSIONING_SYSTEM = "apple-generic";
				VERSION_INFO_PREFIX = "";
			};
			name = Debug;
		};
		C5ADFBDC1DDCC7840011824B /* Release */ = {
			isa = XCBuildConfiguration;
			buildSettings = {
				ALWAYS_SEARCH_USER_PATHS = NO;
				CLANG_ANALYZER_LOCALIZABILITY_NONLOCALIZED = YES;
				CLANG_ANALYZER_NONNULL = YES;
				CLANG_CXX_LANGUAGE_STANDARD = "gnu++0x";
				CLANG_CXX_LIBRARY = "libc++";
				CLANG_ENABLE_MODULES = YES;
				CLANG_ENABLE_OBJC_ARC = YES;
				CLANG_WARN_BOOL_CONVERSION = YES;
				CLANG_WARN_CONSTANT_CONVERSION = YES;
				CLANG_WARN_DIRECT_OBJC_ISA_USAGE = YES_ERROR;
				CLANG_WARN_DOCUMENTATION_COMMENTS = YES;
				CLANG_WARN_EMPTY_BODY = YES;
				CLANG_WARN_ENUM_CONVERSION = YES;
				CLANG_WARN_INFINITE_RECURSION = YES;
				CLANG_WARN_INT_CONVERSION = YES;
				CLANG_WARN_OBJC_ROOT_CLASS = YES_ERROR;
				CLANG_WARN_SUSPICIOUS_MOVE = YES;
				CLANG_WARN_SUSPICIOUS_MOVES = YES;
				CLANG_WARN_UNREACHABLE_CODE = YES;
				CLANG_WARN__DUPLICATE_METHOD_MATCH = YES;
				"CODE_SIGN_IDENTITY[sdk=iphoneos*]" = "iPhone Developer";
				COPY_PHASE_STRIP = NO;
				CURRENT_PROJECT_VERSION = 1;
				DEBUG_INFORMATION_FORMAT = "dwarf-with-dsym";
				ENABLE_NS_ASSERTIONS = NO;
				ENABLE_STRICT_OBJC_MSGSEND = YES;
				GCC_C_LANGUAGE_STANDARD = gnu99;
				GCC_NO_COMMON_BLOCKS = YES;
				GCC_WARN_64_TO_32_BIT_CONVERSION = YES;
				GCC_WARN_ABOUT_RETURN_TYPE = YES_ERROR;
				GCC_WARN_UNDECLARED_SELECTOR = YES;
				GCC_WARN_UNINITIALIZED_AUTOS = YES_AGGRESSIVE;
				GCC_WARN_UNUSED_FUNCTION = YES;
				GCC_WARN_UNUSED_VARIABLE = YES;
				IPHONEOS_DEPLOYMENT_TARGET = 10.1;
				MTL_ENABLE_DEBUG_INFO = NO;
				SDKROOT = iphoneos;
				SWIFT_OPTIMIZATION_LEVEL = "-Owholemodule";
				SWIFT_VERSION = 3.0;
				TARGETED_DEVICE_FAMILY = "1,2";
				VALIDATE_PRODUCT = YES;
				VERSIONING_SYSTEM = "apple-generic";
				VERSION_INFO_PREFIX = "";
			};
			name = Release;
		};
/* End XCBuildConfiguration section */

/* Begin XCConfigurationList section */
		358D14741E5E3B7700ADE590 /* Build configuration list for PBXNativeTarget "Example-Swift" */ = {
			isa = XCConfigurationList;
			buildConfigurations = (
				358D14721E5E3B7700ADE590 /* Debug */,
				358D14731E5E3B7700ADE590 /* Release */,
			);
			defaultConfigurationIsVisible = 0;
			defaultConfigurationName = Release;
		};
		C5ADFBC31DDCC7840011824B /* Build configuration list for PBXProject "MapboxNavigation" */ = {
			isa = XCConfigurationList;
			buildConfigurations = (
				C5ADFBDB1DDCC7840011824B /* Debug */,
				C5ADFBDC1DDCC7840011824B /* Release */,
			);
			defaultConfigurationIsVisible = 0;
			defaultConfigurationName = Release;
		};
/* End XCConfigurationList section */
	};
	rootObject = C5ADFBC01DDCC7840011824B /* Project object */;
}
